
Microsoft Visual Studio Solution File, Format Version 12.00
# Visual Studio Version 17
VisualStudioVersion = 17.4.33213.308
MinimumVisualStudioVersion = 10.0.40219.1
Project("{FAE04EC0-301F-11D3-BF4B-00C04F79EFBC}") = "FigureLibrary", "FigureLibrary\FigureLibrary.csproj", "{3833AF02-EC27-49AA-8CA5-8A4B08E3F447}"
EndProject
Global
	GlobalSection(SolutionConfigurationPlatforms) = preSolution
		Debug|Any CPU = Debug|Any CPU
		Release|Any CPU = Release|Any CPU
	EndGlobalSection
	GlobalSection(ProjectConfigurationPlatforms) = postSolution
		{3833AF02-EC27-49AA-8CA5-8A4B08E3F447}.Debug|Any CPU.ActiveCfg = Debug|Any CPU
		{3833AF02-EC27-49AA-8CA5-8A4B08E3F447}.Debug|Any CPU.Build.0 = Debug|Any CPU
		{3833AF02-EC27-49AA-8CA5-8A4B08E3F447}.Release|Any CPU.ActiveCfg = Release|Any CPU
		{3833AF02-EC27-49AA-8CA5-8A4B08E3F447}.Release|Any CPU.Build.0 = Release|Any CPU
	EndGlobalSection
	GlobalSection(SolutionProperties) = preSolution
		HideSolutionNode = FALSE
	EndGlobalSection
	GlobalSection(ExtensibilityGlobals) = postSolution
		SolutionGuid = {0783FB53-D7E4-47E2-AE15-B8BC51F83952}
	EndGlobalSection
EndGlobal
